
Microsoft Visual Studio Solution File, Format Version 12.00
# Visual Studio Version 17
VisualStudioVersion = 17.11.35327.3
MinimumVisualStudioVersion = 10.0.40219.1
Project("{FAE04EC0-301F-11D3-BF4B-00C04F79EFBC}") = "AlmoxarifadoCeramica", "AlmoxarifadoCeramica.csproj", "{386010FA-B5C6-403A-A8E6-E36DDC21B88C}"
EndProject
Global
	GlobalSection(SolutionConfigurationPlatforms) = preSolution
		Debug|Any CPU = Debug|Any CPU
		Release|Any CPU = Release|Any CPU
	EndGlobalSection
	GlobalSection(ProjectConfigurationPlatforms) = postSolution
		{386010FA-B5C6-403A-A8E6-E36DDC21B88C}.Debug|Any CPU.ActiveCfg = Debug|Any CPU
		{386010FA-B5C6-403A-A8E6-E36DDC21B88C}.Debug|Any CPU.Build.0 = Debug|Any CPU
		{386010FA-B5C6-403A-A8E6-E36DDC21B88C}.Release|Any CPU.ActiveCfg = Release|Any CPU
		{386010FA-B5C6-403A-A8E6-E36DDC21B88C}.Release|Any CPU.Build.0 = Release|Any CPU
	EndGlobalSection
	GlobalSection(SolutionProperties) = preSolution
		HideSolutionNode = FALSE
	EndGlobalSection
	GlobalSection(ExtensibilityGlobals) = postSolution
		SolutionGuid = {5F568B2D-5872-4EB9-9AF2-A0C34D54C2E4}
	EndGlobalSection
EndGlobal
